
Microsoft Visual Studio Solution File, Format Version 12.00
# Visual Studio 14
VisualStudioVersion = 14.0.25420.1
MinimumVisualStudioVersion = 10.0.40219.1
Project("{FAE04EC0-301F-11D3-BF4B-00C04F79EFBC}") = "TzedakahFund", "TzedakahFund\TzedakahFund.csproj", "{DEA79C09-FDDD-4E64-AD03-90FDD1EEC306}"
EndProject
Project("{FAE04EC0-301F-11D3-BF4B-00C04F79EFBC}") = "TzedakahFund.Data", "TzedakahFund.Data\TzedakahFund.Data.csproj", "{30A84F62-83EB-4C7F-8A13-29DC730ECE50}"
EndProject
Global
	GlobalSection(SolutionConfigurationPlatforms) = preSolution
		Debug|Any CPU = Debug|Any CPU
		Release|Any CPU = Release|Any CPU
	EndGlobalSection
	GlobalSection(ProjectConfigurationPlatforms) = postSolution
		{DEA79C09-FDDD-4E64-AD03-90FDD1EEC306}.Debug|Any CPU.ActiveCfg = Debug|Any CPU
		{DEA79C09-FDDD-4E64-AD03-90FDD1EEC306}.Debug|Any CPU.Build.0 = Debug|Any CPU
		{DEA79C09-FDDD-4E64-AD03-90FDD1EEC306}.Release|Any CPU.ActiveCfg = Release|Any CPU
		{DEA79C09-FDDD-4E64-AD03-90FDD1EEC306}.Release|Any CPU.Build.0 = Release|Any CPU
		{30A84F62-83EB-4C7F-8A13-29DC730ECE50}.Debug|Any CPU.ActiveCfg = Debug|Any CPU
		{30A84F62-83EB-4C7F-8A13-29DC730ECE50}.Debug|Any CPU.Build.0 = Debug|Any CPU
		{30A84F62-83EB-4C7F-8A13-29DC730ECE50}.Release|Any CPU.ActiveCfg = Release|Any CPU
		{30A84F62-83EB-4C7F-8A13-29DC730ECE50}.Release|Any CPU.Build.0 = Release|Any CPU
	EndGlobalSection
	GlobalSection(SolutionProperties) = preSolution
		HideSolutionNode = FALSE
	EndGlobalSection
EndGlobal
